
Microsoft Visual Studio Solution File, Format Version 12.00
# Visual Studio 15
VisualStudioVersion = 15.0.28307.757
MinimumVisualStudioVersion = 10.0.40219.1
Project("{8BC9CEB8-8B4A-11D0-8D11-00A0C91BC942}") = "FSM", "FSM\FSM.vcxproj", "{90A6CF39-5909-42DF-8985-D23EC9E6C0A5}"
EndProject
Global
	GlobalSection(SolutionConfigurationPlatforms) = preSolution
		Debug|x64 = Debug|x64
		Debug|x86 = Debug|x86
		Release|x64 = Release|x64
		Release|x86 = Release|x86
	EndGlobalSection
	GlobalSection(ProjectConfigurationPlatforms) = postSolution
		{90A6CF39-5909-42DF-8985-D23EC9E6C0A5}.Debug|x64.ActiveCfg = Debug|x64
		{90A6CF39-5909-42DF-8985-D23EC9E6C0A5}.Debug|x64.Build.0 = Debug|x64
		{90A6CF39-5909-42DF-8985-D23EC9E6C0A5}.Debug|x86.ActiveCfg = Debug|Win32
		{90A6CF39-5909-42DF-8985-D23EC9E6C0A5}.Debug|x86.Build.0 = Debug|Win32
		{90A6CF39-5909-42DF-8985-D23EC9E6C0A5}.Release|x64.ActiveCfg = Release|x64
		{90A6CF39-5909-42DF-8985-D23EC9E6C0A5}.Release|x64.Build.0 = Release|x64
		{90A6CF39-5909-42DF-8985-D23EC9E6C0A5}.Release|x86.ActiveCfg = Release|Win32
		{90A6CF39-5909-42DF-8985-D23EC9E6C0A5}.Release|x86.Build.0 = Release|Win32
	EndGlobalSection
	GlobalSection(SolutionProperties) = preSolution
		HideSolutionNode = FALSE
	EndGlobalSection
	GlobalSection(ExtensibilityGlobals) = postSolution
		SolutionGuid = {0AC94ADF-4060-456C-96A2-AFB25FC791F8}
	EndGlobalSection
EndGlobal
